# This file is automatically @generated by Cargo.
# It is not intended for manual editing.
version = 3

[[package]]
name = "ABC-ECS"
version = "0.1.4"
dependencies = [
 "anymap",
 "nohash-hasher",
 "rand",
 "rayon",
 "rustc-hash",
 "slotmap",
]

[[package]]
name = "ahash"
version = "0.8.11"
source = "registry+https://github.com/rust-lang/crates.io-index"
checksum = "e89da841a80418a9b391ebaea17f5c112ffaaa96f621d2c285b5174da76b9011"
dependencies = [
 "cfg-if",
 "getrandom",
 "once_cell",
 "version_check",
 "zerocopy",
]

[[package]]
name = "allocator-api2"
version = "0.2.16"
source = "registry+https://github.com/rust-lang/crates.io-index"
checksum = "0942ffc6dcaadf03badf6e6a2d0228460359d5e34b57ccdc720b7382dfbd5ec5"

[[package]]
name = "anymap"
version = "1.0.0-beta.2"
source = "registry+https://github.com/rust-lang/crates.io-index"
checksum = "8f1f8f5a6f3d50d89e3797d7593a50f96bb2aaa20ca0cc7be1fb673232c91d72"

[[package]]
name = "async-channel"
version = "2.2.0"
source = "registry+https://github.com/rust-lang/crates.io-index"
checksum = "f28243a43d821d11341ab73c80bed182dc015c514b951616cf79bd4af39af0c3"
dependencies = [
 "concurrent-queue",
 "event-listener 5.3.0",
 "event-listener-strategy 0.5.1",
 "futures-core",
 "pin-project-lite",
]

[[package]]
name = "async-executor"
version = "1.9.1"
source = "registry+https://github.com/rust-lang/crates.io-index"
checksum = "10b3e585719c2358d2660232671ca8ca4ddb4be4ce8a1842d6c2dc8685303316"
dependencies = [
 "async-lock",
 "async-task",
 "concurrent-queue",
 "fastrand",
 "futures-lite",
 "slab",
]

[[package]]
name = "async-lock"
version = "3.3.0"
source = "registry+https://github.com/rust-lang/crates.io-index"
checksum = "d034b430882f8381900d3fe6f0aaa3ad94f2cb4ac519b429692a1bc2dda4ae7b"
dependencies = [
 "event-listener 4.0.3",
 "event-listener-strategy 0.4.0",
 "pin-project-lite",
]

[[package]]
name = "async-task"
version = "4.7.0"
source = "registry+https://github.com/rust-lang/crates.io-index"
checksum = "fbb36e985947064623dbd357f727af08ffd077f93d696782f3c56365fa2e2799"

[[package]]
name = "autocfg"
version = "1.1.0"
source = "registry+https://github.com/rust-lang/crates.io-index"
checksum = "d468802bab17cbc0cc575e9b053f41e72aa36bfa6b7f55e3529ffa43161b97fa"

[[package]]
name = "benchmark"
version = "0.1.0"
dependencies = [
 "ABC-ECS",
 "bevy_ecs",
 "colored",
 "rand",
]

[[package]]
name = "bevy_ecs"
version = "0.13.2"
source = "registry+https://github.com/rust-lang/crates.io-index"
checksum = "98e612a8e7962ead849e370f3a7e972b88df879ced05cd9dad6a0286d14650cf"
dependencies = [
 "async-channel",
 "bevy_ecs_macros",
 "bevy_ptr",
 "bevy_reflect",
 "bevy_tasks",
 "bevy_utils",
 "downcast-rs",
 "fixedbitset",
 "rustc-hash",
 "serde",
 "thiserror",
 "thread_local",
]

[[package]]
name = "bevy_ecs_macros"
version = "0.13.2"
source = "registry+https://github.com/rust-lang/crates.io-index"
checksum = "807b5106c3410e58f4f523b55ea3c071e2a09e31e9510f3c22021c6a04732b5b"
dependencies = [
 "bevy_macro_utils",
 "proc-macro2",
 "quote",
 "syn",
]

[[package]]
name = "bevy_macro_utils"
version = "0.13.2"
source = "registry+https://github.com/rust-lang/crates.io-index"
checksum = "eb270c98a96243b29465139ed10bda2f675d00a11904f6588a5f7fc4774119c7"
dependencies = [
 "proc-macro2",
 "quote",
 "rustc-hash",
 "syn",
 "toml_edit",
]

[[package]]
name = "bevy_ptr"
version = "0.13.2"
source = "registry+https://github.com/rust-lang/crates.io-index"
checksum = "8050e2869fe341db6874203b5a01ff12673807a2c7c80cb829f6c7bea6997268"

[[package]]
name = "bevy_reflect"
version = "0.13.2"
source = "registry+https://github.com/rust-lang/crates.io-index"
checksum = "ccbd7de21d586457a340a0962ad0747dc5098ff925eb6b27a918c4bdd8252f7b"
dependencies = [
 "bevy_ptr",
 "bevy_reflect_derive",
 "bevy_utils",
 "downcast-rs",
 "erased-serde",
 "serde",
 "thiserror",
]

[[package]]
name = "bevy_reflect_derive"
version = "0.13.2"
source = "registry+https://github.com/rust-lang/crates.io-index"
checksum = "3ce33051bd49036d4a5a62aa3f2068672ec55f3ebe92aa0d003a341f15cc37ac"
dependencies = [
 "bevy_macro_utils",
 "proc-macro2",
 "quote",
 "syn",
 "uuid",
]

[[package]]
name = "bevy_tasks"
version = "0.13.2"
source = "registry+https://github.com/rust-lang/crates.io-index"
checksum = "f07fcc4969b357de143509925b39c9a2c56eaa8750828d97f319ca9ed41897cb"
dependencies = [
 "async-channel",
 "async-executor",
 "async-task",
 "concurrent-queue",
 "futures-lite",
 "wasm-bindgen-futures",
]

[[package]]
name = "bevy_utils"
version = "0.13.2"
source = "registry+https://github.com/rust-lang/crates.io-index"
checksum = "5a9f845a985c00e0ee8dc2d8af3f417be925fb52aad4bda5b96e2e58a2b4d2eb"
dependencies = [
 "ahash",
 "bevy_utils_proc_macros",
 "getrandom",
 "hashbrown",
 "nonmax",
 "petgraph",
 "smallvec",
 "thiserror",
 "tracing",
 "uuid",
 "web-time",
]

[[package]]
name = "bevy_utils_proc_macros"
version = "0.13.2"
source = "registry+https://github.com/rust-lang/crates.io-index"
checksum = "bef158627f30503d5c18c20c60b444829f698d343516eeaf6eeee078c9a45163"
dependencies = [
 "proc-macro2",
 "quote",
 "syn",
]

[[package]]
name = "bumpalo"
version = "3.15.4"
source = "registry+https://github.com/rust-lang/crates.io-index"
checksum = "7ff69b9dd49fd426c69a0db9fc04dd934cdb6645ff000864d98f7e2af8830eaa"

[[package]]
name = "cfg-if"
version = "1.0.0"
source = "registry+https://github.com/rust-lang/crates.io-index"
checksum = "baf1de4339761588bc0619e3cbc0120ee582ebb74b53b4efbf79117bd2da40fd"

[[package]]
name = "colored"
version = "2.1.0"
source = "registry+https://github.com/rust-lang/crates.io-index"
checksum = "cbf2150cce219b664a8a70df7a1f933836724b503f8a413af9365b4dcc4d90b8"
dependencies = [
 "lazy_static",
 "windows-sys",
]

[[package]]
name = "concurrent-queue"
version = "2.4.0"
source = "registry+https://github.com/rust-lang/crates.io-index"
checksum = "d16048cd947b08fa32c24458a22f5dc5e835264f689f4f5653210c69fd107363"
dependencies = [
 "crossbeam-utils",
]

[[package]]
name = "crossbeam-deque"
version = "0.8.4"
source = "registry+https://github.com/rust-lang/crates.io-index"
checksum = "fca89a0e215bab21874660c67903c5f143333cab1da83d041c7ded6053774751"
dependencies = [
 "cfg-if",
 "crossbeam-epoch",
 "crossbeam-utils",
]

[[package]]
name = "crossbeam-epoch"
version = "0.9.17"
source = "registry+https://github.com/rust-lang/crates.io-index"
checksum = "0e3681d554572a651dda4186cd47240627c3d0114d45a95f6ad27f2f22e7548d"
dependencies = [
 "autocfg",
 "cfg-if",
 "crossbeam-utils",
]

[[package]]
name = "crossbeam-utils"
version = "0.8.18"
source = "registry+https://github.com/rust-lang/crates.io-index"
checksum = "c3a430a770ebd84726f584a90ee7f020d28db52c6d02138900f22341f866d39c"
dependencies = [
 "cfg-if",
]

[[package]]
name = "downcast-rs"
version = "1.2.0"
source = "registry+https://github.com/rust-lang/crates.io-index"
checksum = "9ea835d29036a4087793836fa931b08837ad5e957da9e23886b29586fb9b6650"

[[package]]
name = "either"
version = "1.9.0"
source = "registry+https://github.com/rust-lang/crates.io-index"
checksum = "a26ae43d7bcc3b814de94796a5e736d4029efb0ee900c12e2d54c993ad1a1e07"

[[package]]
name = "equivalent"
version = "1.0.1"
source = "registry+https://github.com/rust-lang/crates.io-index"
checksum = "5443807d6dff69373d433ab9ef5378ad8df50ca6298caf15de6e52e24aaf54d5"

[[package]]
name = "erased-serde"
version = "0.4.4"
source = "registry+https://github.com/rust-lang/crates.io-index"
checksum = "2b73807008a3c7f171cc40312f37d95ef0396e048b5848d775f54b1a4dd4a0d3"
dependencies = [
 "serde",
]

[[package]]
name = "event-listener"
version = "4.0.3"
source = "registry+https://github.com/rust-lang/crates.io-index"
checksum = "67b215c49b2b248c855fb73579eb1f4f26c38ffdc12973e20e07b91d78d5646e"
dependencies = [
 "concurrent-queue",
 "parking",
 "pin-project-lite",
]

[[package]]
name = "event-listener"
version = "5.3.0"
source = "registry+https://github.com/rust-lang/crates.io-index"
checksum = "6d9944b8ca13534cdfb2800775f8dd4902ff3fc75a50101466decadfdf322a24"
dependencies = [
 "concurrent-queue",
 "parking",
 "pin-project-lite",
]

[[package]]
name = "event-listener-strategy"
version = "0.4.0"
source = "registry+https://github.com/rust-lang/crates.io-index"
checksum = "958e4d70b6d5e81971bebec42271ec641e7ff4e170a6fa605f2b8a8b65cb97d3"
dependencies = [
 "event-listener 4.0.3",
 "pin-project-lite",
]

[[package]]
name = "event-listener-strategy"
version = "0.5.1"
source = "registry+https://github.com/rust-lang/crates.io-index"
checksum = "332f51cb23d20b0de8458b86580878211da09bcd4503cb579c225b3d124cabb3"
dependencies = [
 "event-listener 5.3.0",
 "pin-project-lite",
]

[[package]]
name = "fastrand"
version = "2.0.2"
source = "registry+https://github.com/rust-lang/crates.io-index"
checksum = "658bd65b1cf4c852a3cc96f18a8ce7b5640f6b703f905c7d74532294c2a63984"

[[package]]
name = "fixedbitset"
version = "0.4.2"
source = "registry+https://github.com/rust-lang/crates.io-index"
checksum = "0ce7134b9999ecaf8bcd65542e436736ef32ddca1b3e06094cb6ec5755203b80"

[[package]]
name = "futures-core"
version = "0.3.30"
source = "registry+https://github.com/rust-lang/crates.io-index"
checksum = "dfc6580bb841c5a68e9ef15c77ccc837b40a7504914d52e47b8b0e9bbda25a1d"

[[package]]
name = "futures-io"
version = "0.3.30"
source = "registry+https://github.com/rust-lang/crates.io-index"
checksum = "a44623e20b9681a318efdd71c299b6b222ed6f231972bfe2f224ebad6311f0c1"

[[package]]
name = "futures-lite"
version = "2.3.0"
source = "registry+https://github.com/rust-lang/crates.io-index"
checksum = "52527eb5074e35e9339c6b4e8d12600c7128b68fb25dcb9fa9dec18f7c25f3a5"
dependencies = [
 "fastrand",
 "futures-core",
 "futures-io",
 "parking",
 "pin-project-lite",
]

[[package]]
name = "getrandom"
version = "0.2.11"
source = "registry+https://github.com/rust-lang/crates.io-index"
checksum = "fe9006bed769170c11f845cf00c7c1e9092aeb3f268e007c3e760ac68008070f"
dependencies = [
 "cfg-if",
 "js-sys",
 "libc",
 "wasi",
 "wasm-bindgen",
]

[[package]]
name = "hashbrown"
version = "0.14.3"
source = "registry+https://github.com/rust-lang/crates.io-index"
checksum = "290f1a1d9242c78d09ce40a5e87e7554ee637af1351968159f4952f028f75604"
dependencies = [
 "ahash",
 "allocator-api2",
 "serde",
]

[[package]]
name = "indexmap"
version = "2.2.6"
source = "registry+https://github.com/rust-lang/crates.io-index"
checksum = "168fb715dda47215e360912c096649d23d58bf392ac62f73919e831745e40f26"
dependencies = [
 "equivalent",
 "hashbrown",
]

[[package]]
name = "js-sys"
version = "0.3.69"
source = "registry+https://github.com/rust-lang/crates.io-index"
checksum = "29c15563dc2726973df627357ce0c9ddddbea194836909d655df6a75d2cf296d"
dependencies = [
 "wasm-bindgen",
]

[[package]]
name = "lazy_static"
version = "1.4.0"
source = "registry+https://github.com/rust-lang/crates.io-index"
checksum = "e2abad23fbc42b3700f2f279844dc832adb2b2eb069b2df918f455c4e18cc646"

[[package]]
name = "libc"
version = "0.2.151"
source = "registry+https://github.com/rust-lang/crates.io-index"
checksum = "302d7ab3130588088d277783b1e2d2e10c9e9e4a16dd9050e6ec93fb3e7048f4"

[[package]]
name = "log"
version = "0.4.21"
source = "registry+https://github.com/rust-lang/crates.io-index"
checksum = "90ed8c1e510134f979dbc4f070f87d4313098b704861a105fe34231c70a3901c"

[[package]]
name = "memchr"
version = "2.7.2"
source = "registry+https://github.com/rust-lang/crates.io-index"
checksum = "6c8640c5d730cb13ebd907d8d04b52f55ac9a2eec55b440c8892f40d56c76c1d"

[[package]]
name = "nohash-hasher"
version = "0.2.0"
source = "registry+https://github.com/rust-lang/crates.io-index"
checksum = "2bf50223579dc7cdcfb3bfcacf7069ff68243f8c363f62ffa99cf000a6b9c451"

[[package]]
name = "nonmax"
version = "0.5.5"
source = "registry+https://github.com/rust-lang/crates.io-index"
checksum = "610a5acd306ec67f907abe5567859a3c693fb9886eb1f012ab8f2a47bef3db51"

[[package]]
name = "once_cell"
version = "1.19.0"
source = "registry+https://github.com/rust-lang/crates.io-index"
checksum = "3fdb12b2476b595f9358c5161aa467c2438859caa136dec86c26fdd2efe17b92"

[[package]]
name = "parking"
version = "2.2.0"
source = "registry+https://github.com/rust-lang/crates.io-index"
checksum = "bb813b8af86854136c6922af0598d719255ecb2179515e6e7730d468f05c9cae"

[[package]]
name = "petgraph"
version = "0.6.4"
source = "registry+https://github.com/rust-lang/crates.io-index"
checksum = "e1d3afd2628e69da2be385eb6f2fd57c8ac7977ceeff6dc166ff1657b0e386a9"
dependencies = [
 "fixedbitset",
 "indexmap",
]

[[package]]
name = "pin-project-lite"
version = "0.2.14"
source = "registry+https://github.com/rust-lang/crates.io-index"
checksum = "bda66fc9667c18cb2758a2ac84d1167245054bcf85d5d1aaa6923f45801bdd02"

[[package]]
name = "ppv-lite86"
version = "0.2.17"
source = "registry+https://github.com/rust-lang/crates.io-index"
checksum = "5b40af805b3121feab8a3c29f04d8ad262fa8e0561883e7653e024ae4479e6de"

[[package]]
name = "proc-macro2"
version = "1.0.79"
source = "registry+https://github.com/rust-lang/crates.io-index"
checksum = "e835ff2298f5721608eb1a980ecaee1aef2c132bf95ecc026a11b7bf3c01c02e"
dependencies = [
 "unicode-ident",
]

[[package]]
name = "quote"
version = "1.0.35"
source = "registry+https://github.com/rust-lang/crates.io-index"
checksum = "291ec9ab5efd934aaf503a6466c5d5251535d108ee747472c3977cc5acc868ef"
dependencies = [
 "proc-macro2",
]

[[package]]
name = "rand"
version = "0.8.5"
source = "registry+https://github.com/rust-lang/crates.io-index"
checksum = "34af8d1a0e25924bc5b7c43c079c942339d8f0a8b57c39049bef581b46327404"
dependencies = [
 "libc",
 "rand_chacha",
 "rand_core",
]

[[package]]
name = "rand_chacha"
version = "0.3.1"
source = "registry+https://github.com/rust-lang/crates.io-index"
checksum = "e6c10a63a0fa32252be49d21e7709d4d4baf8d231c2dbce1eaa8141b9b127d88"
dependencies = [
 "ppv-lite86",
 "rand_core",
]

[[package]]
name = "rand_core"
version = "0.6.4"
source = "registry+https://github.com/rust-lang/crates.io-index"
checksum = "ec0be4795e2f6a28069bec0b5ff3e2ac9bafc99e6a9a7dc3547996c5c816922c"
dependencies = [
 "getrandom",
]

[[package]]
name = "rayon"
version = "1.8.0"
source = "registry+https://github.com/rust-lang/crates.io-index"
checksum = "9c27db03db7734835b3f53954b534c91069375ce6ccaa2e065441e07d9b6cdb1"
dependencies = [
 "either",
 "rayon-core",
]

[[package]]
name = "rayon-core"
version = "1.12.0"
source = "registry+https://github.com/rust-lang/crates.io-index"
checksum = "5ce3fb6ad83f861aac485e76e1985cd109d9a3713802152be56c3b1f0e0658ed"
dependencies = [
 "crossbeam-deque",
 "crossbeam-utils",
]

[[package]]
name = "rustc-hash"
version = "1.1.0"
source = "registry+https://github.com/rust-lang/crates.io-index"
checksum = "08d43f7aa6b08d49f382cde6a7982047c3426db949b1424bc4b7ec9ae12c6ce2"

[[package]]
name = "serde"
version = "1.0.197"
source = "registry+https://github.com/rust-lang/crates.io-index"
checksum = "3fb1c873e1b9b056a4dc4c0c198b24c3ffa059243875552b2bd0933b1aee4ce2"
dependencies = [
 "serde_derive",
]

[[package]]
name = "serde_derive"
version = "1.0.197"
source = "registry+https://github.com/rust-lang/crates.io-index"
checksum = "7eb0b34b42edc17f6b7cac84a52a1c5f0e1bb2227e997ca9011ea3dd34e8610b"
dependencies = [
 "proc-macro2",
 "quote",
 "syn",
]

[[package]]
name = "slab"
version = "0.4.9"
source = "registry+https://github.com/rust-lang/crates.io-index"
checksum = "8f92a496fb766b417c996b9c5e57daf2f7ad3b0bebe1ccfca4856390e3d3bb67"
dependencies = [
 "autocfg",
]

[[package]]
name = "slotmap"
version = "1.0.6"
source = "registry+https://github.com/rust-lang/crates.io-index"
checksum = "e1e08e261d0e8f5c43123b7adf3e4ca1690d655377ac93a03b2c9d3e98de1342"
dependencies = [
 "version_check",
]

[[package]]
name = "smallvec"
version = "1.13.2"
source = "registry+https://github.com/rust-lang/crates.io-index"
checksum = "3c5e1a9a646d36c3599cd173a41282daf47c44583ad367b8e6837255952e5c67"
dependencies = [
 "serde",
]

[[package]]
name = "syn"
version = "2.0.58"
source = "registry+https://github.com/rust-lang/crates.io-index"
checksum = "44cfb93f38070beee36b3fef7d4f5a16f27751d94b187b666a5cc5e9b0d30687"
dependencies = [
 "proc-macro2",
 "quote",
 "unicode-ident",
]

[[package]]
name = "thiserror"
version = "1.0.58"
source = "registry+https://github.com/rust-lang/crates.io-index"
checksum = "03468839009160513471e86a034bb2c5c0e4baae3b43f79ffc55c4a5427b3297"
dependencies = [
 "thiserror-impl",
]

[[package]]
name = "thiserror-impl"
version = "1.0.58"
source = "registry+https://github.com/rust-lang/crates.io-index"
checksum = "c61f3ba182994efc43764a46c018c347bc492c79f024e705f46567b418f6d4f7"
dependencies = [
 "proc-macro2",
 "quote",
 "syn",
]

[[package]]
name = "thread_local"
version = "1.1.8"
source = "registry+https://github.com/rust-lang/crates.io-index"
checksum = "8b9ef9bad013ada3808854ceac7b46812a6465ba368859a37e2100283d2d719c"
dependencies = [
 "cfg-if",
 "once_cell",
]

[[package]]
name = "toml_datetime"
version = "0.6.5"
source = "registry+https://github.com/rust-lang/crates.io-index"
checksum = "3550f4e9685620ac18a50ed434eb3aec30db8ba93b0287467bca5826ea25baf1"

[[package]]
name = "toml_edit"
version = "0.21.1"
source = "registry+https://github.com/rust-lang/crates.io-index"
checksum = "6a8534fd7f78b5405e860340ad6575217ce99f38d4d5c8f2442cb5ecb50090e1"
dependencies = [
 "indexmap",
 "toml_datetime",
 "winnow",
]

[[package]]
name = "tracing"
version = "0.1.40"
source = "registry+https://github.com/rust-lang/crates.io-index"
checksum = "c3523ab5a71916ccf420eebdf5521fcef02141234bbc0b8a49f2fdc4544364ef"
dependencies = [
 "pin-project-lite",
 "tracing-core",
]

[[package]]
name = "tracing-core"
version = "0.1.32"
source = "registry+https://github.com/rust-lang/crates.io-index"
checksum = "c06d3da6113f116aaee68e4d601191614c9053067f9ab7f6edbcb161237daa54"
dependencies = [
 "once_cell",
]

[[package]]
name = "unicode-ident"
version = "1.0.12"
source = "registry+https://github.com/rust-lang/crates.io-index"
checksum = "3354b9ac3fae1ff6755cb6db53683adb661634f67557942dea4facebec0fee4b"

[[package]]
name = "uuid"
version = "1.8.0"
source = "registry+https://github.com/rust-lang/crates.io-index"
checksum = "a183cf7feeba97b4dd1c0d46788634f6221d87fa961b305bed08c851829efcc0"
dependencies = [
 "getrandom",
 "serde",
]

[[package]]
name = "version_check"
version = "0.9.4"
source = "registry+https://github.com/rust-lang/crates.io-index"
checksum = "49874b5167b65d7193b8aba1567f5c7d93d001cafc34600cee003eda787e483f"

[[package]]
name = "wasi"
version = "0.11.0+wasi-snapshot-preview1"
source = "registry+https://github.com/rust-lang/crates.io-index"
checksum = "9c8d87e72b64a3b4db28d11ce29237c246188f4f51057d65a7eab63b7987e423"

[[package]]
name = "wasm-bindgen"
version = "0.2.92"
source = "registry+https://github.com/rust-lang/crates.io-index"
checksum = "4be2531df63900aeb2bca0daaaddec08491ee64ceecbee5076636a3b026795a8"
dependencies = [
 "cfg-if",
 "wasm-bindgen-macro",
]

[[package]]
name = "wasm-bindgen-backend"
version = "0.2.92"
source = "registry+https://github.com/rust-lang/crates.io-index"
checksum = "614d787b966d3989fa7bb98a654e369c762374fd3213d212cfc0251257e747da"
dependencies = [
 "bumpalo",
 "log",
 "once_cell",
 "proc-macro2",
 "quote",
 "syn",
 "wasm-bindgen-shared",
]

[[package]]
name = "wasm-bindgen-futures"
version = "0.4.42"
source = "registry+https://github.com/rust-lang/crates.io-index"
checksum = "76bc14366121efc8dbb487ab05bcc9d346b3b5ec0eaa76e46594cabbe51762c0"
dependencies = [
 "cfg-if",
 "js-sys",
 "wasm-bindgen",
 "web-sys",
]

[[package]]
name = "wasm-bindgen-macro"
version = "0.2.92"
source = "registry+https://github.com/rust-lang/crates.io-index"
checksum = "a1f8823de937b71b9460c0c34e25f3da88250760bec0ebac694b49997550d726"
dependencies = [
 "quote",
 "wasm-bindgen-macro-support",
]

[[package]]
name = "wasm-bindgen-macro-support"
version = "0.2.92"
source = "registry+https://github.com/rust-lang/crates.io-index"
checksum = "e94f17b526d0a461a191c78ea52bbce64071ed5c04c9ffe424dcb38f74171bb7"
dependencies = [
 "proc-macro2",
 "quote",
 "syn",
 "wasm-bindgen-backend",
 "wasm-bindgen-shared",
]

[[package]]
name = "wasm-bindgen-shared"
version = "0.2.92"
source = "registry+https://github.com/rust-lang/crates.io-index"
checksum = "af190c94f2773fdb3729c55b007a722abb5384da03bc0986df4c289bf5567e96"

[[package]]
name = "web-sys"
version = "0.3.69"
source = "registry+https://github.com/rust-lang/crates.io-index"
checksum = "77afa9a11836342370f4817622a2f0f418b134426d91a82dfb48f532d2ec13ef"
dependencies = [
 "js-sys",
 "wasm-bindgen",
]

[[package]]
name = "web-time"
version = "0.2.4"
source = "registry+https://github.com/rust-lang/crates.io-index"
checksum = "aa30049b1c872b72c89866d458eae9f20380ab280ffd1b1e18df2d3e2d98cfe0"
dependencies = [
 "js-sys",
 "wasm-bindgen",
]

[[package]]
name = "windows-sys"
version = "0.48.0"
source = "registry+https://github.com/rust-lang/crates.io-index"
checksum = "677d2418bec65e3338edb076e806bc1ec15693c5d0104683f2efe857f61056a9"
dependencies = [
 "windows-targets",
]

[[package]]
name = "windows-targets"
version = "0.48.5"
source = "registry+https://github.com/rust-lang/crates.io-index"
checksum = "9a2fa6e2155d7247be68c096456083145c183cbbbc2764150dda45a87197940c"
dependencies = [
 "windows_aarch64_gnullvm",
 "windows_aarch64_msvc",
 "windows_i686_gnu",
 "windows_i686_msvc",
 "windows_x86_64_gnu",
 "windows_x86_64_gnullvm",
 "windows_x86_64_msvc",
]

[[package]]
name = "windows_aarch64_gnullvm"
version = "0.48.5"
source = "registry+https://github.com/rust-lang/crates.io-index"
checksum = "2b38e32f0abccf9987a4e3079dfb67dcd799fb61361e53e2882c3cbaf0d905d8"

[[package]]
name = "windows_aarch64_msvc"
version = "0.48.5"
source = "registry+https://github.com/rust-lang/crates.io-index"
checksum = "dc35310971f3b2dbbf3f0690a219f40e2d9afcf64f9ab7cc1be722937c26b4bc"

[[package]]
name = "windows_i686_gnu"
version = "0.48.5"
source = "registry+https://github.com/rust-lang/crates.io-index"
checksum = "a75915e7def60c94dcef72200b9a8e58e5091744960da64ec734a6c6e9b3743e"

[[package]]
name = "windows_i686_msvc"
version = "0.48.5"
source = "registry+https://github.com/rust-lang/crates.io-index"
checksum = "8f55c233f70c4b27f66c523580f78f1004e8b5a8b659e05a4eb49d4166cca406"

[[package]]
name = "windows_x86_64_gnu"
version = "0.48.5"
source = "registry+https://github.com/rust-lang/crates.io-index"
checksum = "53d40abd2583d23e4718fddf1ebec84dbff8381c07cae67ff7768bbf19c6718e"

[[package]]
name = "windows_x86_64_gnullvm"
version = "0.48.5"
source = "registry+https://github.com/rust-lang/crates.io-index"
checksum = "0b7b52767868a23d5bab768e390dc5f5c55825b6d30b86c844ff2dc7414044cc"

[[package]]
name = "windows_x86_64_msvc"
version = "0.48.5"
source = "registry+https://github.com/rust-lang/crates.io-index"
checksum = "ed94fce61571a4006852b7389a063ab983c02eb1bb37b47f8272ce92d06d9538"

[[package]]
name = "winnow"
version = "0.5.40"
source = "registry+https://github.com/rust-lang/crates.io-index"
checksum = "f593a95398737aeed53e489c785df13f3618e41dbcd6718c6addbf1395aa6876"
dependencies = [
 "memchr",
]

[[package]]
name = "zerocopy"
version = "0.7.32"
source = "registry+https://github.com/rust-lang/crates.io-index"
checksum = "74d4d3961e53fa4c9a25a8637fc2bfaf2595b3d3ae34875568a5cf64787716be"
dependencies = [
 "zerocopy-derive",
]

[[package]]
name = "zerocopy-derive"
version = "0.7.32"
source = "registry+https://github.com/rust-lang/crates.io-index"
checksum = "9ce1b18ccd8e73a9321186f97e46f9f04b778851177567b1975109d26a08d2a6"
dependencies = [
 "proc-macro2",
 "quote",
 "syn",
]
